
Microsoft Visual Studio Solution File, Format Version 12.00
# Visual Studio 15
VisualStudioVersion = 15.0.27428.2043
MinimumVisualStudioVersion = 10.0.40219.1
Project("{FAE04EC0-301F-11D3-BF4B-00C04F79EFBC}") = "Localization", "Localization\Localization.csproj", "{3CD858CB-4CA7-465D-88F1-DA2B32D86D05}"
EndProject
Global
	GlobalSection(SolutionConfigurationPlatforms) = preSolution
		Debug|Any CPU = Debug|Any CPU
		Release|Any CPU = Release|Any CPU
	EndGlobalSection
	GlobalSection(ProjectConfigurationPlatforms) = postSolution
		{3CD858CB-4CA7-465D-88F1-DA2B32D86D05}.Debug|Any CPU.ActiveCfg = Debug|Any CPU
		{3CD858CB-4CA7-465D-88F1-DA2B32D86D05}.Debug|Any CPU.Build.0 = Debug|Any CPU
		{3CD858CB-4CA7-465D-88F1-DA2B32D86D05}.Release|Any CPU.ActiveCfg = Release|Any CPU
		{3CD858CB-4CA7-465D-88F1-DA2B32D86D05}.Release|Any CPU.Build.0 = Release|Any CPU
	EndGlobalSection
	GlobalSection(SolutionProperties) = preSolution
		HideSolutionNode = FALSE
	EndGlobalSection
	GlobalSection(ExtensibilityGlobals) = postSolution
		SolutionGuid = {3A1EE872-5BF5-495D-98ED-CAD5BB0F2F18}
	EndGlobalSection
EndGlobal
